
Microsoft Visual Studio Solution File, Format Version 12.00
# Visual Studio Version 16
VisualStudioVersion = 16.0.31112.23
MinimumVisualStudioVersion = 10.0.40219.1
Project("{2150E333-8FDC-42A3-9474-1A3956D46DE8}") = "Chapter02", "Chapter02", "{38F026D2-D68C-4E8B-9EF8-026BFE665DE4}"
EndProject
Project("{FAE04EC0-301F-11D3-BF4B-00C04F79EFBC}") = "DistanceConverter", "DistanceConverter\DistanceConverter.csproj", "{8AEFB872-78DA-4F3C-98F7-CD9BE919A60B}"
EndProject
Project("{FAE04EC0-301F-11D3-BF4B-00C04F79EFBC}") = "SalesCalculator", "SalesCalculator\SalesCalculator.csproj", "{B5172590-51F8-470A-8E15-74E8DDC2A4AA}"
EndProject
Project("{2150E333-8FDC-42A3-9474-1A3956D46DE8}") = "Exercise", "Exercise", "{222B43D5-3A2C-4F19-B08B-16357F6C0080}"
EndProject
Project("{FAE04EC0-301F-11D3-BF4B-00C04F79EFBC}") = "Exercise1", "Exercise1\Exercise1.csproj", "{59F4283D-30CE-432E-A8CE-55606CBD3F39}"
EndProject
Project("{FAE04EC0-301F-11D3-BF4B-00C04F79EFBC}") = "Exercise2", "Exercise2\Exercise2.csproj", "{BD6D67E6-AF42-4EF3-8099-8C0801DEAC5D}"
EndProject
Project("{FAE04EC0-301F-11D3-BF4B-00C04F79EFBC}") = "Exercise3", "Exercise3\Exercise3.csproj", "{B9126AF2-F104-403A-9751-1E4ACB3FAA4B}"
EndProject
Project("{2150E333-8FDC-42A3-9474-1A3956D46DE8}") = "Chapter03", "Chapter03", "{12C0B75C-871C-4C96-BF84-310EB82C8D6E}"
EndProject
Project("{FAE04EC0-301F-11D3-BF4B-00C04F79EFBC}") = "Section01", "Section01\Section01.csproj", "{03DF91C3-BB3D-403F-8F7A-FE4AFF00A9D1}"
EndProject
Project("{FAE04EC0-301F-11D3-BF4B-00C04F79EFBC}") = "Section01", "Chapter04\Section01\Section01.csproj", "{4422F8CB-7491-49C7-85C7-A76EC65F5703}"
EndProject
Project("{2150E333-8FDC-42A3-9474-1A3956D46DE8}") = "Chapter04", "Chapter04", "{5606BEC9-E93C-4470-838E-75979F0D37E4}"
EndProject
Global
	GlobalSection(SolutionConfigurationPlatforms) = preSolution
		Debug|Any CPU = Debug|Any CPU
		Release|Any CPU = Release|Any CPU
	EndGlobalSection
	GlobalSection(ProjectConfigurationPlatforms) = postSolution
		{8AEFB872-78DA-4F3C-98F7-CD9BE919A60B}.Debug|Any CPU.ActiveCfg = Debug|Any CPU
		{8AEFB872-78DA-4F3C-98F7-CD9BE919A60B}.Debug|Any CPU.Build.0 = Debug|Any CPU
		{8AEFB872-78DA-4F3C-98F7-CD9BE919A60B}.Release|Any CPU.ActiveCfg = Release|Any CPU
		{8AEFB872-78DA-4F3C-98F7-CD9BE919A60B}.Release|Any CPU.Build.0 = Release|Any CPU
		{B5172590-51F8-470A-8E15-74E8DDC2A4AA}.Debug|Any CPU.ActiveCfg = Debug|Any CPU
		{B5172590-51F8-470A-8E15-74E8DDC2A4AA}.Debug|Any CPU.Build.0 = Debug|Any CPU
		{B5172590-51F8-470A-8E15-74E8DDC2A4AA}.Release|Any CPU.ActiveCfg = Release|Any CPU
		{B5172590-51F8-470A-8E15-74E8DDC2A4AA}.Release|Any CPU.Build.0 = Release|Any CPU
		{59F4283D-30CE-432E-A8CE-55606CBD3F39}.Debug|Any CPU.ActiveCfg = Debug|Any CPU
		{59F4283D-30CE-432E-A8CE-55606CBD3F39}.Debug|Any CPU.Build.0 = Debug|Any CPU
		{59F4283D-30CE-432E-A8CE-55606CBD3F39}.Release|Any CPU.ActiveCfg = Release|Any CPU
		{59F4283D-30CE-432E-A8CE-55606CBD3F39}.Release|Any CPU.Build.0 = Release|Any CPU
		{BD6D67E6-AF42-4EF3-8099-8C0801DEAC5D}.Debug|Any CPU.ActiveCfg = Debug|Any CPU
		{BD6D67E6-AF42-4EF3-8099-8C0801DEAC5D}.Debug|Any CPU.Build.0 = Debug|Any CPU
		{BD6D67E6-AF42-4EF3-8099-8C0801DEAC5D}.Release|Any CPU.ActiveCfg = Release|Any CPU
		{BD6D67E6-AF42-4EF3-8099-8C0801DEAC5D}.Release|Any CPU.Build.0 = Release|Any CPU
		{B9126AF2-F104-403A-9751-1E4ACB3FAA4B}.Debug|Any CPU.ActiveCfg = Debug|Any CPU
		{B9126AF2-F104-403A-9751-1E4ACB3FAA4B}.Debug|Any CPU.Build.0 = Debug|Any CPU
		{B9126AF2-F104-403A-9751-1E4ACB3FAA4B}.Release|Any CPU.ActiveCfg = Release|Any CPU
		{B9126AF2-F104-403A-9751-1E4ACB3FAA4B}.Release|Any CPU.Build.0 = Release|Any CPU
		{03DF91C3-BB3D-403F-8F7A-FE4AFF00A9D1}.Debug|Any CPU.ActiveCfg = Debug|Any CPU
		{03DF91C3-BB3D-403F-8F7A-FE4AFF00A9D1}.Debug|Any CPU.Build.0 = Debug|Any CPU
		{03DF91C3-BB3D-403F-8F7A-FE4AFF00A9D1}.Release|Any CPU.ActiveCfg = Release|Any CPU
		{03DF91C3-BB3D-403F-8F7A-FE4AFF00A9D1}.Release|Any CPU.Build.0 = Release|Any CPU
		{4422F8CB-7491-49C7-85C7-A76EC65F5703}.Debug|Any CPU.ActiveCfg = Debug|Any CPU
		{4422F8CB-7491-49C7-85C7-A76EC65F5703}.Debug|Any CPU.Build.0 = Debug|Any CPU
		{4422F8CB-7491-49C7-85C7-A76EC65F5703}.Release|Any CPU.ActiveCfg = Release|Any CPU
		{4422F8CB-7491-49C7-85C7-A76EC65F5703}.Release|Any CPU.Build.0 = Release|Any CPU
	EndGlobalSection
	GlobalSection(SolutionProperties) = preSolution
		HideSolutionNode = FALSE
	EndGlobalSection
	GlobalSection(NestedProjects) = preSolution
		{8AEFB872-78DA-4F3C-98F7-CD9BE919A60B} = {38F026D2-D68C-4E8B-9EF8-026BFE665DE4}
		{B5172590-51F8-470A-8E15-74E8DDC2A4AA} = {38F026D2-D68C-4E8B-9EF8-026BFE665DE4}
		{222B43D5-3A2C-4F19-B08B-16357F6C0080} = {38F026D2-D68C-4E8B-9EF8-026BFE665DE4}
		{59F4283D-30CE-432E-A8CE-55606CBD3F39} = {222B43D5-3A2C-4F19-B08B-16357F6C0080}
		{BD6D67E6-AF42-4EF3-8099-8C0801DEAC5D} = {222B43D5-3A2C-4F19-B08B-16357F6C0080}
		{B9126AF2-F104-403A-9751-1E4ACB3FAA4B} = {222B43D5-3A2C-4F19-B08B-16357F6C0080}
		{03DF91C3-BB3D-403F-8F7A-FE4AFF00A9D1} = {12C0B75C-871C-4C96-BF84-310EB82C8D6E}
		{4422F8CB-7491-49C7-85C7-A76EC65F5703} = {5606BEC9-E93C-4470-838E-75979F0D37E4}
	EndGlobalSection
	GlobalSection(ExtensibilityGlobals) = postSolution
		SolutionGuid = {C699505F-E98E-46AD-ADEC-8D7D025BA976}
	EndGlobalSection
EndGlobal
