
Microsoft Visual Studio Solution File, Format Version 12.00
# Visual Studio Version 16
VisualStudioVersion = 16.0.31112.23
MinimumVisualStudioVersion = 10.0.40219.1
Project("{2150E333-8FDC-42A3-9474-1A3956D46DE8}") = "Chapter1", "Chapter1", "{38F026D2-D68C-4E8B-9EF8-026BFE665DE4}"
EndProject
Project("{FAE04EC0-301F-11D3-BF4B-00C04F79EFBC}") = "DistanceConverter", "DistanceConverter\DistanceConverter.csproj", "{8AEFB872-78DA-4F3C-98F7-CD9BE919A60B}"
EndProject
Global
	GlobalSection(SolutionConfigurationPlatforms) = preSolution
		Debug|Any CPU = Debug|Any CPU
		Release|Any CPU = Release|Any CPU
	EndGlobalSection
	GlobalSection(ProjectConfigurationPlatforms) = postSolution
		{8AEFB872-78DA-4F3C-98F7-CD9BE919A60B}.Debug|Any CPU.ActiveCfg = Debug|Any CPU
		{8AEFB872-78DA-4F3C-98F7-CD9BE919A60B}.Debug|Any CPU.Build.0 = Debug|Any CPU
		{8AEFB872-78DA-4F3C-98F7-CD9BE919A60B}.Release|Any CPU.ActiveCfg = Release|Any CPU
		{8AEFB872-78DA-4F3C-98F7-CD9BE919A60B}.Release|Any CPU.Build.0 = Release|Any CPU
	EndGlobalSection
	GlobalSection(SolutionProperties) = preSolution
		HideSolutionNode = FALSE
	EndGlobalSection
	GlobalSection(NestedProjects) = preSolution
		{8AEFB872-78DA-4F3C-98F7-CD9BE919A60B} = {38F026D2-D68C-4E8B-9EF8-026BFE665DE4}
	EndGlobalSection
	GlobalSection(ExtensibilityGlobals) = postSolution
		SolutionGuid = {C699505F-E98E-46AD-ADEC-8D7D025BA976}
	EndGlobalSection
EndGlobal
